{
  "requires": true,
  "lockfileVersion": 1,
  "dependencies": {
    "eslint-config-google": {
      "version": "0.14.0",
      "resolved": "https://registry.npmjs.org/eslint-config-google/-/eslint-config-google-0.14.0.tgz",
      "integrity": "sha512-WsbX4WbjuMvTdeVL6+J3rK1RGhCTqjsFjX7UMSMgZiyxxaNLkoJENbrGExzERFeoTpGw3F3FypTiWAP9ZXzkEw=="
    }
  }
}
